
Microsoft Visual Studio Solution File, Format Version 12.00
# Visual Studio Version 17
VisualStudioVersion = 17.7.34024.191
MinimumVisualStudioVersion = 10.0.40219.1
Project("{FAE04EC0-301F-11D3-BF4B-00C04F79EFBC}") = "UI", "Yildiz_Okullari\UI.csproj", "{2CC22203-F095-441F-961E-2F151217CA63}"
EndProject
Project("{FAE04EC0-301F-11D3-BF4B-00C04F79EFBC}") = "Business", "Business\Business.csproj", "{A58470DA-4DCD-4C36-88D2-D20AA47658BA}"
EndProject
Project("{FAE04EC0-301F-11D3-BF4B-00C04F79EFBC}") = "DataAccess", "DataAccess\DataAccess.csproj", "{50DA1E82-6F6B-4078-AF94-3DFD614A6713}"
EndProject
Project("{FAE04EC0-301F-11D3-BF4B-00C04F79EFBC}") = "Entities", "Entities\Entities.csproj", "{8AE07954-34FD-40C0-A634-8C27C18678BE}"
EndProject
Project("{FAE04EC0-301F-11D3-BF4B-00C04F79EFBC}") = "Core", "Core\Core.csproj", "{B3F2E456-4AE6-4526-8818-FC1392C1AF65}"
EndProject
Global
	GlobalSection(SolutionConfigurationPlatforms) = preSolution
		Debug|Any CPU = Debug|Any CPU
		Release|Any CPU = Release|Any CPU
	EndGlobalSection
	GlobalSection(ProjectConfigurationPlatforms) = postSolution
		{2CC22203-F095-441F-961E-2F151217CA63}.Debug|Any CPU.ActiveCfg = Debug|Any CPU
		{2CC22203-F095-441F-961E-2F151217CA63}.Debug|Any CPU.Build.0 = Debug|Any CPU
		{2CC22203-F095-441F-961E-2F151217CA63}.Release|Any CPU.ActiveCfg = Release|Any CPU
		{2CC22203-F095-441F-961E-2F151217CA63}.Release|Any CPU.Build.0 = Release|Any CPU
		{A58470DA-4DCD-4C36-88D2-D20AA47658BA}.Debug|Any CPU.ActiveCfg = Debug|Any CPU
		{A58470DA-4DCD-4C36-88D2-D20AA47658BA}.Debug|Any CPU.Build.0 = Debug|Any CPU
		{A58470DA-4DCD-4C36-88D2-D20AA47658BA}.Release|Any CPU.ActiveCfg = Release|Any CPU
		{A58470DA-4DCD-4C36-88D2-D20AA47658BA}.Release|Any CPU.Build.0 = Release|Any CPU
		{50DA1E82-6F6B-4078-AF94-3DFD614A6713}.Debug|Any CPU.ActiveCfg = Debug|Any CPU
		{50DA1E82-6F6B-4078-AF94-3DFD614A6713}.Debug|Any CPU.Build.0 = Debug|Any CPU
		{50DA1E82-6F6B-4078-AF94-3DFD614A6713}.Release|Any CPU.ActiveCfg = Release|Any CPU
		{50DA1E82-6F6B-4078-AF94-3DFD614A6713}.Release|Any CPU.Build.0 = Release|Any CPU
		{8AE07954-34FD-40C0-A634-8C27C18678BE}.Debug|Any CPU.ActiveCfg = Debug|Any CPU
		{8AE07954-34FD-40C0-A634-8C27C18678BE}.Debug|Any CPU.Build.0 = Debug|Any CPU
		{8AE07954-34FD-40C0-A634-8C27C18678BE}.Release|Any CPU.ActiveCfg = Release|Any CPU
		{8AE07954-34FD-40C0-A634-8C27C18678BE}.Release|Any CPU.Build.0 = Release|Any CPU
		{B3F2E456-4AE6-4526-8818-FC1392C1AF65}.Debug|Any CPU.ActiveCfg = Debug|Any CPU
		{B3F2E456-4AE6-4526-8818-FC1392C1AF65}.Debug|Any CPU.Build.0 = Debug|Any CPU
		{B3F2E456-4AE6-4526-8818-FC1392C1AF65}.Release|Any CPU.ActiveCfg = Release|Any CPU
		{B3F2E456-4AE6-4526-8818-FC1392C1AF65}.Release|Any CPU.Build.0 = Release|Any CPU
	EndGlobalSection
	GlobalSection(SolutionProperties) = preSolution
		HideSolutionNode = FALSE
	EndGlobalSection
	GlobalSection(ExtensibilityGlobals) = postSolution
		SolutionGuid = {0F538B64-A0A8-4232-B329-613B59BBCE6E}
	EndGlobalSection
EndGlobal
